
Microsoft Visual Studio Solution File, Format Version 12.00
# Visual Studio Version 17
VisualStudioVersion = 17.9.34714.143
MinimumVisualStudioVersion = 10.0.40219.1
Project("{FAE04EC0-301F-11D3-BF4B-00C04F79EFBC}") = "JsonCsharp", "JsonCsharp\JsonCsharp.csproj", "{804F35D6-97CA-4F9B-9740-95C9BE4502DD}"
EndProject
Global
	GlobalSection(SolutionConfigurationPlatforms) = preSolution
		Debug|Any CPU = Debug|Any CPU
		Release|Any CPU = Release|Any CPU
	EndGlobalSection
	GlobalSection(ProjectConfigurationPlatforms) = postSolution
		{804F35D6-97CA-4F9B-9740-95C9BE4502DD}.Debug|Any CPU.ActiveCfg = Debug|Any CPU
		{804F35D6-97CA-4F9B-9740-95C9BE4502DD}.Debug|Any CPU.Build.0 = Debug|Any CPU
		{804F35D6-97CA-4F9B-9740-95C9BE4502DD}.Release|Any CPU.ActiveCfg = Release|Any CPU
		{804F35D6-97CA-4F9B-9740-95C9BE4502DD}.Release|Any CPU.Build.0 = Release|Any CPU
	EndGlobalSection
	GlobalSection(SolutionProperties) = preSolution
		HideSolutionNode = FALSE
	EndGlobalSection
	GlobalSection(ExtensibilityGlobals) = postSolution
		SolutionGuid = {86964BB4-2FB3-4117-AE71-A47BAB051FE7}
	EndGlobalSection
EndGlobal
